
Microsoft Visual Studio Solution File, Format Version 12.00
# Visual Studio 15
VisualStudioVersion = 15.0.28307.1145
MinimumVisualStudioVersion = 10.0.40219.1
Project("{FAE04EC0-301F-11D3-BF4B-00C04F79EFBC}") = "MobileApp.Android", "MobileApp\MobileApp.Android\MobileApp.Android.csproj", "{1D5D8F55-3A8B-4537-A5BE-14D2D21FCAFB}"
EndProject
Project("{FAE04EC0-301F-11D3-BF4B-00C04F79EFBC}") = "MobileApp.iOS", "MobileApp\MobileApp.iOS\MobileApp.iOS.csproj", "{4203E3A4-98A1-4889-AD54-A49AF06CF44A}"
EndProject
Project("{FAE04EC0-301F-11D3-BF4B-00C04F79EFBC}") = "MobileApp.UWP", "MobileApp\MobileApp.UWP\MobileApp.UWP.csproj", "{69EE393E-03EA-4FE2-852C-096A0AD310C8}"
EndProject
Project("{9A19103F-16F7-4668-BE54-9A1E7A4F7556}") = "MobileApp", "MobileApp\MobileApp\MobileApp.csproj", "{A6F0E029-FA84-4894-8C26-465C1855B63B}"
EndProject
Global
	GlobalSection(SolutionConfigurationPlatforms) = preSolution
		Ad-Hoc|Any CPU = Ad-Hoc|Any CPU
		Ad-Hoc|ARM = Ad-Hoc|ARM
		Ad-Hoc|iPhone = Ad-Hoc|iPhone
		Ad-Hoc|iPhoneSimulator = Ad-Hoc|iPhoneSimulator
		Ad-Hoc|x64 = Ad-Hoc|x64
		Ad-Hoc|x86 = Ad-Hoc|x86
		AppStore|Any CPU = AppStore|Any CPU
		AppStore|ARM = AppStore|ARM
		AppStore|iPhone = AppStore|iPhone
		AppStore|iPhoneSimulator = AppStore|iPhoneSimulator
		AppStore|x64 = AppStore|x64
		AppStore|x86 = AppStore|x86
		Debug|Any CPU = Debug|Any CPU
		Debug|ARM = Debug|ARM
		Debug|iPhone = Debug|iPhone
		Debug|iPhoneSimulator = Debug|iPhoneSimulator
		Debug|x64 = Debug|x64
		Debug|x86 = Debug|x86
		Release|Any CPU = Release|Any CPU
		Release|ARM = Release|ARM
		Release|iPhone = Release|iPhone
		Release|iPhoneSimulator = Release|iPhoneSimulator
		Release|x64 = Release|x64
		Release|x86 = Release|x86
	EndGlobalSection
	GlobalSection(ProjectConfigurationPlatforms) = postSolution
		{1D5D8F55-3A8B-4537-A5BE-14D2D21FCAFB}.Ad-Hoc|Any CPU.ActiveCfg = Release|Any CPU
		{1D5D8F55-3A8B-4537-A5BE-14D2D21FCAFB}.Ad-Hoc|Any CPU.Build.0 = Release|Any CPU
		{1D5D8F55-3A8B-4537-A5BE-14D2D21FCAFB}.Ad-Hoc|Any CPU.Deploy.0 = Release|Any CPU
		{1D5D8F55-3A8B-4537-A5BE-14D2D21FCAFB}.Ad-Hoc|ARM.ActiveCfg = Release|Any CPU
		{1D5D8F55-3A8B-4537-A5BE-14D2D21FCAFB}.Ad-Hoc|ARM.Build.0 = Release|Any CPU
		{1D5D8F55-3A8B-4537-A5BE-14D2D21FCAFB}.Ad-Hoc|ARM.Deploy.0 = Release|Any CPU
		{1D5D8F55-3A8B-4537-A5BE-14D2D21FCAFB}.Ad-Hoc|iPhone.ActiveCfg = Release|Any CPU
		{1D5D8F55-3A8B-4537-A5BE-14D2D21FCAFB}.Ad-Hoc|iPhone.Build.0 = Release|Any CPU
		{1D5D8F55-3A8B-4537-A5BE-14D2D21FCAFB}.Ad-Hoc|iPhone.Deploy.0 = Release|Any CPU
		{1D5D8F55-3A8B-4537-A5BE-14D2D21FCAFB}.Ad-Hoc|iPhoneSimulator.ActiveCfg = Release|Any CPU
		{1D5D8F55-3A8B-4537-A5BE-14D2D21FCAFB}.Ad-Hoc|iPhoneSimulator.Build.0 = Release|Any CPU
		{1D5D8F55-3A8B-4537-A5BE-14D2D21FCAFB}.Ad-Hoc|iPhoneSimulator.Deploy.0 = Release|Any CPU
		{1D5D8F55-3A8B-4537-A5BE-14D2D21FCAFB}.Ad-Hoc|x64.ActiveCfg = Release|Any CPU
		{1D5D8F55-3A8B-4537-A5BE-14D2D21FCAFB}.Ad-Hoc|x64.Build.0 = Release|Any CPU
		{1D5D8F55-3A8B-4537-A5BE-14D2D21FCAFB}.Ad-Hoc|x64.Deploy.0 = Release|Any CPU
		{1D5D8F55-3A8B-4537-A5BE-14D2D21FCAFB}.Ad-Hoc|x86.ActiveCfg = Release|Any CPU
		{1D5D8F55-3A8B-4537-A5BE-14D2D21FCAFB}.Ad-Hoc|x86.Build.0 = Release|Any CPU
		{1D5D8F55-3A8B-4537-A5BE-14D2D21FCAFB}.Ad-Hoc|x86.Deploy.0 = Release|Any CPU
		{1D5D8F55-3A8B-4537-A5BE-14D2D21FCAFB}.AppStore|Any CPU.ActiveCfg = Release|Any CPU
		{1D5D8F55-3A8B-4537-A5BE-14D2D21FCAFB}.AppStore|Any CPU.Build.0 = Release|Any CPU
		{1D5D8F55-3A8B-4537-A5BE-14D2D21FCAFB}.AppStore|Any CPU.Deploy.0 = Release|Any CPU
		{1D5D8F55-3A8B-4537-A5BE-14D2D21FCAFB}.AppStore|ARM.ActiveCfg = Release|Any CPU
		{1D5D8F55-3A8B-4537-A5BE-14D2D21FCAFB}.AppStore|ARM.Build.0 = Release|Any CPU
		{1D5D8F55-3A8B-4537-A5BE-14D2D21FCAFB}.AppStore|ARM.Deploy.0 = Release|Any CPU
		{1D5D8F55-3A8B-4537-A5BE-14D2D21FCAFB}.AppStore|iPhone.ActiveCfg = Release|Any CPU
		{1D5D8F55-3A8B-4537-A5BE-14D2D21FCAFB}.AppStore|iPhone.Build.0 = Release|Any CPU
		{1D5D8F55-3A8B-4537-A5BE-14D2D21FCAFB}.AppStore|iPhone.Deploy.0 = Release|Any CPU
		{1D5D8F55-3A8B-4537-A5BE-14D2D21FCAFB}.AppStore|iPhoneSimulator.ActiveCfg = Release|Any CPU
		{1D5D8F55-3A8B-4537-A5BE-14D2D21FCAFB}.AppStore|iPhoneSimulator.Build.0 = Release|Any CPU
		{1D5D8F55-3A8B-4537-A5BE-14D2D21FCAFB}.AppStore|iPhoneSimulator.Deploy.0 = Release|Any CPU
		{1D5D8F55-3A8B-4537-A5BE-14D2D21FCAFB}.AppStore|x64.ActiveCfg = Release|Any CPU
		{1D5D8F55-3A8B-4537-A5BE-14D2D21FCAFB}.AppStore|x64.Build.0 = Release|Any CPU
		{1D5D8F55-3A8B-4537-A5BE-14D2D21FCAFB}.AppStore|x64.Deploy.0 = Release|Any CPU
		{1D5D8F55-3A8B-4537-A5BE-14D2D21FCAFB}.AppStore|x86.ActiveCfg = Release|Any CPU
		{1D5D8F55-3A8B-4537-A5BE-14D2D21FCAFB}.AppStore|x86.Build.0 = Release|Any CPU
		{1D5D8F55-3A8B-4537-A5BE-14D2D21FCAFB}.AppStore|x86.Deploy.0 = Release|Any CPU
		{1D5D8F55-3A8B-4537-A5BE-14D2D21FCAFB}.Debug|Any CPU.ActiveCfg = Debug|Any CPU
		{1D5D8F55-3A8B-4537-A5BE-14D2D21FCAFB}.Debug|Any CPU.Build.0 = Debug|Any CPU
		{1D5D8F55-3A8B-4537-A5BE-14D2D21FCAFB}.Debug|Any CPU.Deploy.0 = Debug|Any CPU
		{1D5D8F55-3A8B-4537-A5BE-14D2D21FCAFB}.Debug|ARM.ActiveCfg = Debug|Any CPU
		{1D5D8F55-3A8B-4537-A5BE-14D2D21FCAFB}.Debug|ARM.Build.0 = Debug|Any CPU
		{1D5D8F55-3A8B-4537-A5BE-14D2D21FCAFB}.Debug|ARM.Deploy.0 = Debug|Any CPU
		{1D5D8F55-3A8B-4537-A5BE-14D2D21FCAFB}.Debug|iPhone.ActiveCfg = Debug|Any CPU
		{1D5D8F55-3A8B-4537-A5BE-14D2D21FCAFB}.Debug|iPhone.Build.0 = Debug|Any CPU
		{1D5D8F55-3A8B-4537-A5BE-14D2D21FCAFB}.Debug|iPhone.Deploy.0 = Debug|Any CPU
		{1D5D8F55-3A8B-4537-A5BE-14D2D21FCAFB}.Debug|iPhoneSimulator.ActiveCfg = Debug|Any CPU
		{1D5D8F55-3A8B-4537-A5BE-14D2D21FCAFB}.Debug|iPhoneSimulator.Build.0 = Debug|Any CPU
		{1D5D8F55-3A8B-4537-A5BE-14D2D21FCAFB}.Debug|iPhoneSimulator.Deploy.0 = Debug|Any CPU
		{1D5D8F55-3A8B-4537-A5BE-14D2D21FCAFB}.Debug|x64.ActiveCfg = Debug|Any CPU
		{1D5D8F55-3A8B-4537-A5BE-14D2D21FCAFB}.Debug|x64.Build.0 = Debug|Any CPU
		{1D5D8F55-3A8B-4537-A5BE-14D2D21FCAFB}.Debug|x64.Deploy.0 = Debug|Any CPU
		{1D5D8F55-3A8B-4537-A5BE-14D2D21FCAFB}.Debug|x86.ActiveCfg = Debug|Any CPU
		{1D5D8F55-3A8B-4537-A5BE-14D2D21FCAFB}.Debug|x86.Build.0 = Debug|Any CPU
		{1D5D8F55-3A8B-4537-A5BE-14D2D21FCAFB}.Debug|x86.Deploy.0 = Debug|Any CPU
		{1D5D8F55-3A8B-4537-A5BE-14D2D21FCAFB}.Release|Any CPU.ActiveCfg = Release|Any CPU
		{1D5D8F55-3A8B-4537-A5BE-14D2D21FCAFB}.Release|Any CPU.Build.0 = Release|Any CPU
		{1D5D8F55-3A8B-4537-A5BE-14D2D21FCAFB}.Release|Any CPU.Deploy.0 = Release|Any CPU
		{1D5D8F55-3A8B-4537-A5BE-14D2D21FCAFB}.Release|ARM.ActiveCfg = Release|Any CPU
		{1D5D8F55-3A8B-4537-A5BE-14D2D21FCAFB}.Release|ARM.Build.0 = Release|Any CPU
		{1D5D8F55-3A8B-4537-A5BE-14D2D21FCAFB}.Release|ARM.Deploy.0 = Release|Any CPU
		{1D5D8F55-3A8B-4537-A5BE-14D2D21FCAFB}.Release|iPhone.ActiveCfg = Release|Any CPU
		{1D5D8F55-3A8B-4537-A5BE-14D2D21FCAFB}.Release|iPhone.Build.0 = Release|Any CPU
		{1D5D8F55-3A8B-4537-A5BE-14D2D21FCAFB}.Release|iPhone.Deploy.0 = Release|Any CPU
		{1D5D8F55-3A8B-4537-A5BE-14D2D21FCAFB}.Release|iPhoneSimulator.ActiveCfg = Release|Any CPU
		{1D5D8F55-3A8B-4537-A5BE-14D2D21FCAFB}.Release|iPhoneSimulator.Build.0 = Release|Any CPU
		{1D5D8F55-3A8B-4537-A5BE-14D2D21FCAFB}.Release|iPhoneSimulator.Deploy.0 = Release|Any CPU
		{1D5D8F55-3A8B-4537-A5BE-14D2D21FCAFB}.Release|x64.ActiveCfg = Release|Any CPU
		{1D5D8F55-3A8B-4537-A5BE-14D2D21FCAFB}.Release|x64.Build.0 = Release|Any CPU
		{1D5D8F55-3A8B-4537-A5BE-14D2D21FCAFB}.Release|x64.Deploy.0 = Release|Any CPU
		{1D5D8F55-3A8B-4537-A5BE-14D2D21FCAFB}.Release|x86.ActiveCfg = Release|Any CPU
		{1D5D8F55-3A8B-4537-A5BE-14D2D21FCAFB}.Release|x86.Build.0 = Release|Any CPU
		{1D5D8F55-3A8B-4537-A5BE-14D2D21FCAFB}.Release|x86.Deploy.0 = Release|Any CPU
		{4203E3A4-98A1-4889-AD54-A49AF06CF44A}.Ad-Hoc|Any CPU.ActiveCfg = Ad-Hoc|iPhone
		{4203E3A4-98A1-4889-AD54-A49AF06CF44A}.Ad-Hoc|Any CPU.Build.0 = Ad-Hoc|iPhone
		{4203E3A4-98A1-4889-AD54-A49AF06CF44A}.Ad-Hoc|Any CPU.Deploy.0 = Ad-Hoc|iPhone
		{4203E3A4-98A1-4889-AD54-A49AF06CF44A}.Ad-Hoc|ARM.ActiveCfg = Ad-Hoc|iPhone
		{4203E3A4-98A1-4889-AD54-A49AF06CF44A}.Ad-Hoc|ARM.Build.0 = Ad-Hoc|iPhone
		{4203E3A4-98A1-4889-AD54-A49AF06CF44A}.Ad-Hoc|ARM.Deploy.0 = Ad-Hoc|iPhone
		{4203E3A4-98A1-4889-AD54-A49AF06CF44A}.Ad-Hoc|iPhone.ActiveCfg = Ad-Hoc|iPhone
		{4203E3A4-98A1-4889-AD54-A49AF06CF44A}.Ad-Hoc|iPhone.Build.0 = Ad-Hoc|iPhone
		{4203E3A4-98A1-4889-AD54-A49AF06CF44A}.Ad-Hoc|iPhone.Deploy.0 = Ad-Hoc|iPhone
		{4203E3A4-98A1-4889-AD54-A49AF06CF44A}.Ad-Hoc|iPhoneSimulator.ActiveCfg = Ad-Hoc|iPhoneSimulator
		{4203E3A4-98A1-4889-AD54-A49AF06CF44A}.Ad-Hoc|iPhoneSimulator.Build.0 = Ad-Hoc|iPhoneSimulator
		{4203E3A4-98A1-4889-AD54-A49AF06CF44A}.Ad-Hoc|iPhoneSimulator.Deploy.0 = Ad-Hoc|iPhoneSimulator
		{4203E3A4-98A1-4889-AD54-A49AF06CF44A}.Ad-Hoc|x64.ActiveCfg = Ad-Hoc|iPhone
		{4203E3A4-98A1-4889-AD54-A49AF06CF44A}.Ad-Hoc|x64.Build.0 = Ad-Hoc|iPhone
		{4203E3A4-98A1-4889-AD54-A49AF06CF44A}.Ad-Hoc|x64.Deploy.0 = Ad-Hoc|iPhone
		{4203E3A4-98A1-4889-AD54-A49AF06CF44A}.Ad-Hoc|x86.ActiveCfg = Ad-Hoc|iPhone
		{4203E3A4-98A1-4889-AD54-A49AF06CF44A}.Ad-Hoc|x86.Build.0 = Ad-Hoc|iPhone
		{4203E3A4-98A1-4889-AD54-A49AF06CF44A}.Ad-Hoc|x86.Deploy.0 = Ad-Hoc|iPhone
		{4203E3A4-98A1-4889-AD54-A49AF06CF44A}.AppStore|Any CPU.ActiveCfg = AppStore|iPhone
		{4203E3A4-98A1-4889-AD54-A49AF06CF44A}.AppStore|Any CPU.Build.0 = AppStore|iPhone
		{4203E3A4-98A1-4889-AD54-A49AF06CF44A}.AppStore|Any CPU.Deploy.0 = AppStore|iPhone
		{4203E3A4-98A1-4889-AD54-A49AF06CF44A}.AppStore|ARM.ActiveCfg = AppStore|iPhone
		{4203E3A4-98A1-4889-AD54-A49AF06CF44A}.AppStore|ARM.Build.0 = AppStore|iPhone
		{4203E3A4-98A1-4889-AD54-A49AF06CF44A}.AppStore|ARM.Deploy.0 = AppStore|iPhone
		{4203E3A4-98A1-4889-AD54-A49AF06CF44A}.AppStore|iPhone.ActiveCfg = AppStore|iPhone
		{4203E3A4-98A1-4889-AD54-A49AF06CF44A}.AppStore|iPhone.Build.0 = AppStore|iPhone
		{4203E3A4-98A1-4889-AD54-A49AF06CF44A}.AppStore|iPhone.Deploy.0 = AppStore|iPhone
		{4203E3A4-98A1-4889-AD54-A49AF06CF44A}.AppStore|iPhoneSimulator.ActiveCfg = AppStore|iPhoneSimulator
		{4203E3A4-98A1-4889-AD54-A49AF06CF44A}.AppStore|iPhoneSimulator.Build.0 = AppStore|iPhoneSimulator
		{4203E3A4-98A1-4889-AD54-A49AF06CF44A}.AppStore|iPhoneSimulator.Deploy.0 = AppStore|iPhoneSimulator
		{4203E3A4-98A1-4889-AD54-A49AF06CF44A}.AppStore|x64.ActiveCfg = AppStore|iPhone
		{4203E3A4-98A1-4889-AD54-A49AF06CF44A}.AppStore|x64.Build.0 = AppStore|iPhone
		{4203E3A4-98A1-4889-AD54-A49AF06CF44A}.AppStore|x64.Deploy.0 = AppStore|iPhone
		{4203E3A4-98A1-4889-AD54-A49AF06CF44A}.AppStore|x86.ActiveCfg = AppStore|iPhone
		{4203E3A4-98A1-4889-AD54-A49AF06CF44A}.AppStore|x86.Build.0 = AppStore|iPhone
		{4203E3A4-98A1-4889-AD54-A49AF06CF44A}.AppStore|x86.Deploy.0 = AppStore|iPhone
		{4203E3A4-98A1-4889-AD54-A49AF06CF44A}.Debug|Any CPU.ActiveCfg = Debug|iPhoneSimulator
		{4203E3A4-98A1-4889-AD54-A49AF06CF44A}.Debug|Any CPU.Build.0 = Debug|iPhoneSimulator
		{4203E3A4-98A1-4889-AD54-A49AF06CF44A}.Debug|Any CPU.Deploy.0 = Debug|iPhoneSimulator
		{4203E3A4-98A1-4889-AD54-A49AF06CF44A}.Debug|ARM.ActiveCfg = Debug|iPhone
		{4203E3A4-98A1-4889-AD54-A49AF06CF44A}.Debug|ARM.Build.0 = Debug|iPhone
		{4203E3A4-98A1-4889-AD54-A49AF06CF44A}.Debug|ARM.Deploy.0 = Debug|iPhone
		{4203E3A4-98A1-4889-AD54-A49AF06CF44A}.Debug|iPhone.ActiveCfg = Debug|iPhone
		{4203E3A4-98A1-4889-AD54-A49AF06CF44A}.Debug|iPhone.Build.0 = Debug|iPhone
		{4203E3A4-98A1-4889-AD54-A49AF06CF44A}.Debug|iPhone.Deploy.0 = Debug|iPhone
		{4203E3A4-98A1-4889-AD54-A49AF06CF44A}.Debug|iPhoneSimulator.ActiveCfg = Debug|iPhoneSimulator
		{4203E3A4-98A1-4889-AD54-A49AF06CF44A}.Debug|iPhoneSimulator.Build.0 = Debug|iPhoneSimulator
		{4203E3A4-98A1-4889-AD54-A49AF06CF44A}.Debug|iPhoneSimulator.Deploy.0 = Debug|iPhoneSimulator
		{4203E3A4-98A1-4889-AD54-A49AF06CF44A}.Debug|x64.ActiveCfg = Debug|iPhone
		{4203E3A4-98A1-4889-AD54-A49AF06CF44A}.Debug|x64.Build.0 = Debug|iPhone
		{4203E3A4-98A1-4889-AD54-A49AF06CF44A}.Debug|x64.Deploy.0 = Debug|iPhone
		{4203E3A4-98A1-4889-AD54-A49AF06CF44A}.Debug|x86.ActiveCfg = Debug|iPhone
		{4203E3A4-98A1-4889-AD54-A49AF06CF44A}.Debug|x86.Build.0 = Debug|iPhone
		{4203E3A4-98A1-4889-AD54-A49AF06CF44A}.Debug|x86.Deploy.0 = Debug|iPhone
		{4203E3A4-98A1-4889-AD54-A49AF06CF44A}.Release|Any CPU.ActiveCfg = Release|iPhone
		{4203E3A4-98A1-4889-AD54-A49AF06CF44A}.Release|Any CPU.Build.0 = Release|iPhone
		{4203E3A4-98A1-4889-AD54-A49AF06CF44A}.Release|Any CPU.Deploy.0 = Release|iPhone
		{4203E3A4-98A1-4889-AD54-A49AF06CF44A}.Release|ARM.ActiveCfg = Release|iPhone
		{4203E3A4-98A1-4889-AD54-A49AF06CF44A}.Release|ARM.Build.0 = Release|iPhone
		{4203E3A4-98A1-4889-AD54-A49AF06CF44A}.Release|ARM.Deploy.0 = Release|iPhone
		{4203E3A4-98A1-4889-AD54-A49AF06CF44A}.Release|iPhone.ActiveCfg = Release|iPhone
		{4203E3A4-98A1-4889-AD54-A49AF06CF44A}.Release|iPhone.Build.0 = Release|iPhone
		{4203E3A4-98A1-4889-AD54-A49AF06CF44A}.Release|iPhone.Deploy.0 = Release|iPhone
		{4203E3A4-98A1-4889-AD54-A49AF06CF44A}.Release|iPhoneSimulator.ActiveCfg = Release|iPhoneSimulator
		{4203E3A4-98A1-4889-AD54-A49AF06CF44A}.Release|iPhoneSimulator.Build.0 = Release|iPhoneSimulator
		{4203E3A4-98A1-4889-AD54-A49AF06CF44A}.Release|iPhoneSimulator.Deploy.0 = Release|iPhoneSimulator
		{4203E3A4-98A1-4889-AD54-A49AF06CF44A}.Release|x64.ActiveCfg = Release|iPhone
		{4203E3A4-98A1-4889-AD54-A49AF06CF44A}.Release|x64.Build.0 = Release|iPhone
		{4203E3A4-98A1-4889-AD54-A49AF06CF44A}.Release|x64.Deploy.0 = Release|iPhone
		{4203E3A4-98A1-4889-AD54-A49AF06CF44A}.Release|x86.ActiveCfg = Release|iPhone
		{4203E3A4-98A1-4889-AD54-A49AF06CF44A}.Release|x86.Build.0 = Release|iPhone
		{4203E3A4-98A1-4889-AD54-A49AF06CF44A}.Release|x86.Deploy.0 = Release|iPhone
		{69EE393E-03EA-4FE2-852C-096A0AD310C8}.Ad-Hoc|Any CPU.ActiveCfg = Release|x86
		{69EE393E-03EA-4FE2-852C-096A0AD310C8}.Ad-Hoc|Any CPU.Build.0 = Release|x86
		{69EE393E-03EA-4FE2-852C-096A0AD310C8}.Ad-Hoc|Any CPU.Deploy.0 = Release|x86
		{69EE393E-03EA-4FE2-852C-096A0AD310C8}.Ad-Hoc|ARM.ActiveCfg = Release|ARM
		{69EE393E-03EA-4FE2-852C-096A0AD310C8}.Ad-Hoc|ARM.Build.0 = Release|ARM
		{69EE393E-03EA-4FE2-852C-096A0AD310C8}.Ad-Hoc|ARM.Deploy.0 = Release|ARM
		{69EE393E-03EA-4FE2-852C-096A0AD310C8}.Ad-Hoc|iPhone.ActiveCfg = Release|x86
		{69EE393E-03EA-4FE2-852C-096A0AD310C8}.Ad-Hoc|iPhone.Build.0 = Release|x86
		{69EE393E-03EA-4FE2-852C-096A0AD310C8}.Ad-Hoc|iPhone.Deploy.0 = Release|x86
		{69EE393E-03EA-4FE2-852C-096A0AD310C8}.Ad-Hoc|iPhoneSimulator.ActiveCfg = Release|x86
		{69EE393E-03EA-4FE2-852C-096A0AD310C8}.Ad-Hoc|iPhoneSimulator.Build.0 = Release|x86
		{69EE393E-03EA-4FE2-852C-096A0AD310C8}.Ad-Hoc|iPhoneSimulator.Deploy.0 = Release|x86
		{69EE393E-03EA-4FE2-852C-096A0AD310C8}.Ad-Hoc|x64.ActiveCfg = Release|x64
		{69EE393E-03EA-4FE2-852C-096A0AD310C8}.Ad-Hoc|x64.Build.0 = Release|x64
		{69EE393E-03EA-4FE2-852C-096A0AD310C8}.Ad-Hoc|x64.Deploy.0 = Release|x64
		{69EE393E-03EA-4FE2-852C-096A0AD310C8}.Ad-Hoc|x86.ActiveCfg = Release|x86
		{69EE393E-03EA-4FE2-852C-096A0AD310C8}.Ad-Hoc|x86.Build.0 = Release|x86
		{69EE393E-03EA-4FE2-852C-096A0AD310C8}.Ad-Hoc|x86.Deploy.0 = Release|x86
		{69EE393E-03EA-4FE2-852C-096A0AD310C8}.AppStore|Any CPU.ActiveCfg = Release|x86
		{69EE393E-03EA-4FE2-852C-096A0AD310C8}.AppStore|Any CPU.Build.0 = Release|x86
		{69EE393E-03EA-4FE2-852C-096A0AD310C8}.AppStore|Any CPU.Deploy.0 = Release|x86
		{69EE393E-03EA-4FE2-852C-096A0AD310C8}.AppStore|ARM.ActiveCfg = Release|ARM
		{69EE393E-03EA-4FE2-852C-096A0AD310C8}.AppStore|ARM.Build.0 = Release|ARM
		{69EE393E-03EA-4FE2-852C-096A0AD310C8}.AppStore|ARM.Deploy.0 = Release|ARM
		{69EE393E-03EA-4FE2-852C-096A0AD310C8}.AppStore|iPhone.ActiveCfg = Release|x86
		{69EE393E-03EA-4FE2-852C-096A0AD310C8}.AppStore|iPhone.Build.0 = Release|x86
		{69EE393E-03EA-4FE2-852C-096A0AD310C8}.AppStore|iPhone.Deploy.0 = Release|x86
		{69EE393E-03EA-4FE2-852C-096A0AD310C8}.AppStore|iPhoneSimulator.ActiveCfg = Release|x86
		{69EE393E-03EA-4FE2-852C-096A0AD310C8}.AppStore|iPhoneSimulator.Build.0 = Release|x86
		{69EE393E-03EA-4FE2-852C-096A0AD310C8}.AppStore|iPhoneSimulator.Deploy.0 = Release|x86
		{69EE393E-03EA-4FE2-852C-096A0AD310C8}.AppStore|x64.ActiveCfg = Release|x64
		{69EE393E-03EA-4FE2-852C-096A0AD310C8}.AppStore|x64.Build.0 = Release|x64
		{69EE393E-03EA-4FE2-852C-096A0AD310C8}.AppStore|x64.Deploy.0 = Release|x64
		{69EE393E-03EA-4FE2-852C-096A0AD310C8}.AppStore|x86.ActiveCfg = Release|x86
		{69EE393E-03EA-4FE2-852C-096A0AD310C8}.AppStore|x86.Build.0 = Release|x86
		{69EE393E-03EA-4FE2-852C-096A0AD310C8}.AppStore|x86.Deploy.0 = Release|x86
		{69EE393E-03EA-4FE2-852C-096A0AD310C8}.Debug|Any CPU.ActiveCfg = Debug|x86
		{69EE393E-03EA-4FE2-852C-096A0AD310C8}.Debug|Any CPU.Build.0 = Debug|x86
		{69EE393E-03EA-4FE2-852C-096A0AD310C8}.Debug|Any CPU.Deploy.0 = Debug|x86
		{69EE393E-03EA-4FE2-852C-096A0AD310C8}.Debug|ARM.ActiveCfg = Debug|ARM
		{69EE393E-03EA-4FE2-852C-096A0AD310C8}.Debug|ARM.Build.0 = Debug|ARM
		{69EE393E-03EA-4FE2-852C-096A0AD310C8}.Debug|ARM.Deploy.0 = Debug|ARM
		{69EE393E-03EA-4FE2-852C-096A0AD310C8}.Debug|iPhone.ActiveCfg = Debug|x86
		{69EE393E-03EA-4FE2-852C-096A0AD310C8}.Debug|iPhone.Build.0 = Debug|x86
		{69EE393E-03EA-4FE2-852C-096A0AD310C8}.Debug|iPhone.Deploy.0 = Debug|x86
		{69EE393E-03EA-4FE2-852C-096A0AD310C8}.Debug|iPhoneSimulator.ActiveCfg = Debug|x86
		{69EE393E-03EA-4FE2-852C-096A0AD310C8}.Debug|iPhoneSimulator.Build.0 = Debug|x86
		{69EE393E-03EA-4FE2-852C-096A0AD310C8}.Debug|iPhoneSimulator.Deploy.0 = Debug|x86
		{69EE393E-03EA-4FE2-852C-096A0AD310C8}.Debug|x64.ActiveCfg = Debug|x64
		{69EE393E-03EA-4FE2-852C-096A0AD310C8}.Debug|x64.Build.0 = Debug|x64
		{69EE393E-03EA-4FE2-852C-096A0AD310C8}.Debug|x64.Deploy.0 = Debug|x64
		{69EE393E-03EA-4FE2-852C-096A0AD310C8}.Debug|x86.ActiveCfg = Debug|x86
		{69EE393E-03EA-4FE2-852C-096A0AD310C8}.Debug|x86.Build.0 = Debug|x86
		{69EE393E-03EA-4FE2-852C-096A0AD310C8}.Debug|x86.Deploy.0 = Debug|x86
		{69EE393E-03EA-4FE2-852C-096A0AD310C8}.Release|Any CPU.ActiveCfg = Release|x86
		{69EE393E-03EA-4FE2-852C-096A0AD310C8}.Release|Any CPU.Build.0 = Release|x86
		{69EE393E-03EA-4FE2-852C-096A0AD310C8}.Release|Any CPU.Deploy.0 = Release|x86
		{69EE393E-03EA-4FE2-852C-096A0AD310C8}.Release|ARM.ActiveCfg = Release|ARM
		{69EE393E-03EA-4FE2-852C-096A0AD310C8}.Release|ARM.Build.0 = Release|ARM
		{69EE393E-03EA-4FE2-852C-096A0AD310C8}.Release|ARM.Deploy.0 = Release|ARM
		{69EE393E-03EA-4FE2-852C-096A0AD310C8}.Release|iPhone.ActiveCfg = Release|x86
		{69EE393E-03EA-4FE2-852C-096A0AD310C8}.Release|iPhone.Build.0 = Release|x86
		{69EE393E-03EA-4FE2-852C-096A0AD310C8}.Release|iPhone.Deploy.0 = Release|x86
		{69EE393E-03EA-4FE2-852C-096A0AD310C8}.Release|iPhoneSimulator.ActiveCfg = Release|x86
		{69EE393E-03EA-4FE2-852C-096A0AD310C8}.Release|iPhoneSimulator.Build.0 = Release|x86
		{69EE393E-03EA-4FE2-852C-096A0AD310C8}.Release|iPhoneSimulator.Deploy.0 = Release|x86
		{69EE393E-03EA-4FE2-852C-096A0AD310C8}.Release|x64.ActiveCfg = Release|x64
		{69EE393E-03EA-4FE2-852C-096A0AD310C8}.Release|x64.Build.0 = Release|x64
		{69EE393E-03EA-4FE2-852C-096A0AD310C8}.Release|x64.Deploy.0 = Release|x64
		{69EE393E-03EA-4FE2-852C-096A0AD310C8}.Release|x86.ActiveCfg = Release|x86
		{69EE393E-03EA-4FE2-852C-096A0AD310C8}.Release|x86.Build.0 = Release|x86
		{69EE393E-03EA-4FE2-852C-096A0AD310C8}.Release|x86.Deploy.0 = Release|x86
		{A6F0E029-FA84-4894-8C26-465C1855B63B}.Ad-Hoc|Any CPU.ActiveCfg = Debug|Any CPU
		{A6F0E029-FA84-4894-8C26-465C1855B63B}.Ad-Hoc|Any CPU.Build.0 = Debug|Any CPU
		{A6F0E029-FA84-4894-8C26-465C1855B63B}.Ad-Hoc|Any CPU.Deploy.0 = Debug|Any CPU
		{A6F0E029-FA84-4894-8C26-465C1855B63B}.Ad-Hoc|ARM.ActiveCfg = Debug|Any CPU
		{A6F0E029-FA84-4894-8C26-465C1855B63B}.Ad-Hoc|ARM.Build.0 = Debug|Any CPU
		{A6F0E029-FA84-4894-8C26-465C1855B63B}.Ad-Hoc|ARM.Deploy.0 = Debug|Any CPU
		{A6F0E029-FA84-4894-8C26-465C1855B63B}.Ad-Hoc|iPhone.ActiveCfg = Debug|Any CPU
		{A6F0E029-FA84-4894-8C26-465C1855B63B}.Ad-Hoc|iPhone.Build.0 = Debug|Any CPU
		{A6F0E029-FA84-4894-8C26-465C1855B63B}.Ad-Hoc|iPhone.Deploy.0 = Debug|Any CPU
		{A6F0E029-FA84-4894-8C26-465C1855B63B}.Ad-Hoc|iPhoneSimulator.ActiveCfg = Debug|Any CPU
		{A6F0E029-FA84-4894-8C26-465C1855B63B}.Ad-Hoc|iPhoneSimulator.Build.0 = Debug|Any CPU
		{A6F0E029-FA84-4894-8C26-465C1855B63B}.Ad-Hoc|iPhoneSimulator.Deploy.0 = Debug|Any CPU
		{A6F0E029-FA84-4894-8C26-465C1855B63B}.Ad-Hoc|x64.ActiveCfg = Debug|Any CPU
		{A6F0E029-FA84-4894-8C26-465C1855B63B}.Ad-Hoc|x64.Build.0 = Debug|Any CPU
		{A6F0E029-FA84-4894-8C26-465C1855B63B}.Ad-Hoc|x64.Deploy.0 = Debug|Any CPU
		{A6F0E029-FA84-4894-8C26-465C1855B63B}.Ad-Hoc|x86.ActiveCfg = Debug|Any CPU
		{A6F0E029-FA84-4894-8C26-465C1855B63B}.Ad-Hoc|x86.Build.0 = Debug|Any CPU
		{A6F0E029-FA84-4894-8C26-465C1855B63B}.Ad-Hoc|x86.Deploy.0 = Debug|Any CPU
		{A6F0E029-FA84-4894-8C26-465C1855B63B}.AppStore|Any CPU.ActiveCfg = Debug|Any CPU
		{A6F0E029-FA84-4894-8C26-465C1855B63B}.AppStore|Any CPU.Build.0 = Debug|Any CPU
		{A6F0E029-FA84-4894-8C26-465C1855B63B}.AppStore|Any CPU.Deploy.0 = Debug|Any CPU
		{A6F0E029-FA84-4894-8C26-465C1855B63B}.AppStore|ARM.ActiveCfg = Debug|Any CPU
		{A6F0E029-FA84-4894-8C26-465C1855B63B}.AppStore|ARM.Build.0 = Debug|Any CPU
		{A6F0E029-FA84-4894-8C26-465C1855B63B}.AppStore|ARM.Deploy.0 = Debug|Any CPU
		{A6F0E029-FA84-4894-8C26-465C1855B63B}.AppStore|iPhone.ActiveCfg = Debug|Any CPU
		{A6F0E029-FA84-4894-8C26-465C1855B63B}.AppStore|iPhone.Build.0 = Debug|Any CPU
		{A6F0E029-FA84-4894-8C26-465C1855B63B}.AppStore|iPhone.Deploy.0 = Debug|Any CPU
		{A6F0E029-FA84-4894-8C26-465C1855B63B}.AppStore|iPhoneSimulator.ActiveCfg = Debug|Any CPU
		{A6F0E029-FA84-4894-8C26-465C1855B63B}.AppStore|iPhoneSimulator.Build.0 = Debug|Any CPU
		{A6F0E029-FA84-4894-8C26-465C1855B63B}.AppStore|iPhoneSimulator.Deploy.0 = Debug|Any CPU
		{A6F0E029-FA84-4894-8C26-465C1855B63B}.AppStore|x64.ActiveCfg = Debug|Any CPU
		{A6F0E029-FA84-4894-8C26-465C1855B63B}.AppStore|x64.Build.0 = Debug|Any CPU
		{A6F0E029-FA84-4894-8C26-465C1855B63B}.AppStore|x64.Deploy.0 = Debug|Any CPU
		{A6F0E029-FA84-4894-8C26-465C1855B63B}.AppStore|x86.ActiveCfg = Debug|Any CPU
		{A6F0E029-FA84-4894-8C26-465C1855B63B}.AppStore|x86.Build.0 = Debug|Any CPU
		{A6F0E029-FA84-4894-8C26-465C1855B63B}.AppStore|x86.Deploy.0 = Debug|Any CPU
		{A6F0E029-FA84-4894-8C26-465C1855B63B}.Debug|Any CPU.ActiveCfg = Debug|Any CPU
		{A6F0E029-FA84-4894-8C26-465C1855B63B}.Debug|Any CPU.Build.0 = Debug|Any CPU
		{A6F0E029-FA84-4894-8C26-465C1855B63B}.Debug|Any CPU.Deploy.0 = Debug|Any CPU
		{A6F0E029-FA84-4894-8C26-465C1855B63B}.Debug|ARM.ActiveCfg = Debug|Any CPU
		{A6F0E029-FA84-4894-8C26-465C1855B63B}.Debug|ARM.Build.0 = Debug|Any CPU
		{A6F0E029-FA84-4894-8C26-465C1855B63B}.Debug|ARM.Deploy.0 = Debug|Any CPU
		{A6F0E029-FA84-4894-8C26-465C1855B63B}.Debug|iPhone.ActiveCfg = Debug|Any CPU
		{A6F0E029-FA84-4894-8C26-465C1855B63B}.Debug|iPhone.Build.0 = Debug|Any CPU
		{A6F0E029-FA84-4894-8C26-465C1855B63B}.Debug|iPhone.Deploy.0 = Debug|Any CPU
		{A6F0E029-FA84-4894-8C26-465C1855B63B}.Debug|iPhoneSimulator.ActiveCfg = Debug|Any CPU
		{A6F0E029-FA84-4894-8C26-465C1855B63B}.Debug|iPhoneSimulator.Build.0 = Debug|Any CPU
		{A6F0E029-FA84-4894-8C26-465C1855B63B}.Debug|iPhoneSimulator.Deploy.0 = Debug|Any CPU
		{A6F0E029-FA84-4894-8C26-465C1855B63B}.Debug|x64.ActiveCfg = Debug|Any CPU
		{A6F0E029-FA84-4894-8C26-465C1855B63B}.Debug|x64.Build.0 = Debug|Any CPU
		{A6F0E029-FA84-4894-8C26-465C1855B63B}.Debug|x64.Deploy.0 = Debug|Any CPU
		{A6F0E029-FA84-4894-8C26-465C1855B63B}.Debug|x86.ActiveCfg = Debug|Any CPU
		{A6F0E029-FA84-4894-8C26-465C1855B63B}.Debug|x86.Build.0 = Debug|Any CPU
		{A6F0E029-FA84-4894-8C26-465C1855B63B}.Debug|x86.Deploy.0 = Debug|Any CPU
		{A6F0E029-FA84-4894-8C26-465C1855B63B}.Release|Any CPU.ActiveCfg = Release|Any CPU
		{A6F0E029-FA84-4894-8C26-465C1855B63B}.Release|Any CPU.Build.0 = Release|Any CPU
		{A6F0E029-FA84-4894-8C26-465C1855B63B}.Release|Any CPU.Deploy.0 = Release|Any CPU
		{A6F0E029-FA84-4894-8C26-465C1855B63B}.Release|ARM.ActiveCfg = Release|Any CPU
		{A6F0E029-FA84-4894-8C26-465C1855B63B}.Release|ARM.Build.0 = Release|Any CPU
		{A6F0E029-FA84-4894-8C26-465C1855B63B}.Release|ARM.Deploy.0 = Release|Any CPU
		{A6F0E029-FA84-4894-8C26-465C1855B63B}.Release|iPhone.ActiveCfg = Release|Any CPU
		{A6F0E029-FA84-4894-8C26-465C1855B63B}.Release|iPhone.Build.0 = Release|Any CPU
		{A6F0E029-FA84-4894-8C26-465C1855B63B}.Release|iPhone.Deploy.0 = Release|Any CPU
		{A6F0E029-FA84-4894-8C26-465C1855B63B}.Release|iPhoneSimulator.ActiveCfg = Release|Any CPU
		{A6F0E029-FA84-4894-8C26-465C1855B63B}.Release|iPhoneSimulator.Build.0 = Release|Any CPU
		{A6F0E029-FA84-4894-8C26-465C1855B63B}.Release|iPhoneSimulator.Deploy.0 = Release|Any CPU
		{A6F0E029-FA84-4894-8C26-465C1855B63B}.Release|x64.ActiveCfg = Release|Any CPU
		{A6F0E029-FA84-4894-8C26-465C1855B63B}.Release|x64.Build.0 = Release|Any CPU
		{A6F0E029-FA84-4894-8C26-465C1855B63B}.Release|x64.Deploy.0 = Release|Any CPU
		{A6F0E029-FA84-4894-8C26-465C1855B63B}.Release|x86.ActiveCfg = Release|Any CPU
		{A6F0E029-FA84-4894-8C26-465C1855B63B}.Release|x86.Build.0 = Release|Any CPU
		{A6F0E029-FA84-4894-8C26-465C1855B63B}.Release|x86.Deploy.0 = Release|Any CPU
	EndGlobalSection
	GlobalSection(SolutionProperties) = preSolution
		HideSolutionNode = FALSE
	EndGlobalSection
	GlobalSection(ExtensibilityGlobals) = postSolution
		SolutionGuid = {C15E31D4-BE1E-455A-AC54-2A0AB50F570D}
	EndGlobalSection
EndGlobal
